
Microsoft Visual Studio Solution File, Format Version 12.00
# Visual Studio 14
VisualStudioVersion = 14.0.23107.0
MinimumVisualStudioVersion = 10.0.40219.1
Project("{FAE04EC0-301F-11D3-BF4B-00C04F79EFBC}") = "ITUniver.TeleCalc.ConCalc", "ITUniver.TeleCalc.ConCalc\ITUniver.TeleCalc.ConCalc\ITUniver.TeleCalc.ConCalc.csproj", "{57BD70DD-1340-44A4-AB33-9FB005D2B9B3}"
EndProject
Project("{FAE04EC0-301F-11D3-BF4B-00C04F79EFBC}") = "ITUniver.TeleCalc.Core", "ITUniver.TeleCalc.Core\ITUniver.TeleCalc.Core.csproj", "{C0B9044B-73A1-4297-ABFF-96DB1AA1310B}"
EndProject
Global
	GlobalSection(SolutionConfigurationPlatforms) = preSolution
		Debug|Any CPU = Debug|Any CPU
		Release|Any CPU = Release|Any CPU
	EndGlobalSection
	GlobalSection(ProjectConfigurationPlatforms) = postSolution
		{57BD70DD-1340-44A4-AB33-9FB005D2B9B3}.Debug|Any CPU.ActiveCfg = Debug|Any CPU
		{57BD70DD-1340-44A4-AB33-9FB005D2B9B3}.Debug|Any CPU.Build.0 = Debug|Any CPU
		{57BD70DD-1340-44A4-AB33-9FB005D2B9B3}.Release|Any CPU.ActiveCfg = Release|Any CPU
		{57BD70DD-1340-44A4-AB33-9FB005D2B9B3}.Release|Any CPU.Build.0 = Release|Any CPU
		{C0B9044B-73A1-4297-ABFF-96DB1AA1310B}.Debug|Any CPU.ActiveCfg = Debug|Any CPU
		{C0B9044B-73A1-4297-ABFF-96DB1AA1310B}.Debug|Any CPU.Build.0 = Debug|Any CPU
		{C0B9044B-73A1-4297-ABFF-96DB1AA1310B}.Release|Any CPU.ActiveCfg = Release|Any CPU
		{C0B9044B-73A1-4297-ABFF-96DB1AA1310B}.Release|Any CPU.Build.0 = Release|Any CPU
	EndGlobalSection
	GlobalSection(SolutionProperties) = preSolution
		HideSolutionNode = FALSE
	EndGlobalSection
EndGlobal
